// !$*UTF8*$!
{
	archiveVersion = 1;
	classes = {
	};
	objectVersion = 50;
	objects = {

/* Begin PBXBuildFile section */
		140EEEBD21801BFF0027EFE3 /* SYMirror.cpp in Sources */ = {isa = PBXBuildFile; fileRef = 140EEEBB21801BFF0027EFE3 /* SYMirror.cpp */; };
		1427FD9F212F026D00DE74F9 /* main.cpp in Sources */ = {isa = PBXBuildFile; fileRef = 1427FD9E212F026D00DE74F9 /* main.cpp */; };
		1427FDB8212F040D00DE74F9 /* SYClipper.cpp in Sources */ = {isa = PBXBuildFile; fileRef = 1427FDB6212F040D00DE74F9 /* SYClipper.cpp */; };
		1427FDC7212F048000DE74F9 /* SYRgbToYuv.cpp in Sources */ = {isa = PBXBuildFile; fileRef = 1427FDBD212F048000DE74F9 /* SYRgbToYuv.cpp */; };
		1427FDC8212F048000DE74F9 /* SYYuvToBmp.cpp in Sources */ = {isa = PBXBuildFile; fileRef = 1427FDBF212F048000DE74F9 /* SYYuvToBmp.cpp */; };
		1427FDC9212F048000DE74F9 /* SYRgbToBmp.cpp in Sources */ = {isa = PBXBuildFile; fileRef = 1427FDC2212F048000DE74F9 /* SYRgbToBmp.cpp */; };
		1427FDCA212F048000DE74F9 /* SYYuvToRgb.cpp in Sources */ = {isa = PBXBuildFile; fileRef = 1427FDC6212F048000DE74F9 /* SYYuvToRgb.cpp */; };
		1452B1B5217F7A5300CAD6D3 /* SYRotate.cpp in Sources */ = {isa = PBXBuildFile; fileRef = 1452B1B4217F7A5300CAD6D3 /* SYRotate.cpp */; };
		14736C662181AEC9003298D1 /* SYYuvConverter.cpp in Sources */ = {isa = PBXBuildFile; fileRef = 14736C652181AEC9003298D1 /* SYYuvConverter.cpp */; };
/* End PBXBuildFile section */

/* Begin PBXCopyFilesBuildPhase section */
		1427FD99212F026D00DE74F9 /* CopyFiles */ = {
			isa = PBXCopyFilesBuildPhase;
			buildActionMask = 2147483647;
			dstPath = /usr/share/man/man1/;
			dstSubfolderSpec = 0;
			files = (
			);
			runOnlyForDeploymentPostprocessing = 1;
		};
/* End PBXCopyFilesBuildPhase section */

/* Begin PBXFileReference section */
		140EEEBB21801BFF0027EFE3 /* SYMirror.cpp */ = {isa = PBXFileReference; fileEncoding = 4; lastKnownFileType = sourcecode.cpp.cpp; path = SYMirror.cpp; sourceTree = "<group>"; };
		140EEEBC21801BFF0027EFE3 /* SYMirror.h */ = {isa = PBXFileReference; fileEncoding = 4; lastKnownFileType = sourcecode.c.h; path = SYMirror.h; sourceTree = "<group>"; };
		1427FD9B212F026D00DE74F9 /* SYKitExample */ = {isa = PBXFileReference; explicitFileType = "compiled.mach-o.executable"; includeInIndex = 0; path = SYKitExample; sourceTree = BUILT_PRODUCTS_DIR; };
		1427FD9E212F026D00DE74F9 /* main.cpp */ = {isa = PBXFileReference; lastKnownFileType = sourcecode.cpp.cpp; path = main.cpp; sourceTree = "<group>"; };
		1427FDB6212F040D00DE74F9 /* SYClipper.cpp */ = {isa = PBXFileReference; fileEncoding = 4; lastKnownFileType = sourcecode.cpp.cpp; path = SYClipper.cpp; sourceTree = "<group>"; };
		1427FDB7212F040D00DE74F9 /* SYClipper.h */ = {isa = PBXFileReference; fileEncoding = 4; lastKnownFileType = sourcecode.c.h; path = SYClipper.h; sourceTree = "<group>"; };
		1427FDBC212F048000DE74F9 /* SYRgbToYuv.h */ = {isa = PBXFileReference; fileEncoding = 4; lastKnownFileType = sourcecode.c.h; path = SYRgbToYuv.h; sourceTree = "<group>"; };
		1427FDBD212F048000DE74F9 /* SYRgbToYuv.cpp */ = {isa = PBXFileReference; fileEncoding = 4; lastKnownFileType = sourcecode.cpp.cpp; path = SYRgbToYuv.cpp; sourceTree = "<group>"; };
		1427FDBF212F048000DE74F9 /* SYYuvToBmp.cpp */ = {isa = PBXFileReference; fileEncoding = 4; lastKnownFileType = sourcecode.cpp.cpp; path = SYYuvToBmp.cpp; sourceTree = "<group>"; };
		1427FDC0212F048000DE74F9 /* SYYuvToBmp.h */ = {isa = PBXFileReference; fileEncoding = 4; lastKnownFileType = sourcecode.c.h; path = SYYuvToBmp.h; sourceTree = "<group>"; };
		1427FDC2212F048000DE74F9 /* SYRgbToBmp.cpp */ = {isa = PBXFileReference; fileEncoding = 4; lastKnownFileType = sourcecode.cpp.cpp; path = SYRgbToBmp.cpp; sourceTree = "<group>"; };
		1427FDC3212F048000DE74F9 /* SYRgbToBmp.h */ = {isa = PBXFileReference; fileEncoding = 4; lastKnownFileType = sourcecode.c.h; path = SYRgbToBmp.h; sourceTree = "<group>"; };
		1427FDC5212F048000DE74F9 /* SYYuvToRgb.h */ = {isa = PBXFileReference; fileEncoding = 4; lastKnownFileType = sourcecode.c.h; path = SYYuvToRgb.h; sourceTree = "<group>"; };
		1427FDC6212F048000DE74F9 /* SYYuvToRgb.cpp */ = {isa = PBXFileReference; fileEncoding = 4; lastKnownFileType = sourcecode.cpp.cpp; path = SYYuvToRgb.cpp; sourceTree = "<group>"; };
		1427FDCB212F04B100DE74F9 /* SYHeader.h */ = {isa = PBXFileReference; fileEncoding = 4; lastKnownFileType = sourcecode.c.h; path = SYHeader.h; sourceTree = "<group>"; };
		1452B1B3217F7A5300CAD6D3 /* SYRotate.h */ = {isa = PBXFileReference; fileEncoding = 4; lastKnownFileType = sourcecode.c.h; path = SYRotate.h; sourceTree = "<group>"; };
		1452B1B4217F7A5300CAD6D3 /* SYRotate.cpp */ = {isa = PBXFileReference; fileEncoding = 4; lastKnownFileType = sourcecode.cpp.cpp; path = SYRotate.cpp; sourceTree = "<group>"; };
		14736C642181AEC9003298D1 /* SYYuvConverter.h */ = {isa = PBXFileReference; fileEncoding = 4; lastKnownFileType = sourcecode.c.h; path = SYYuvConverter.h; sourceTree = "<group>"; };
		14736C652181AEC9003298D1 /* SYYuvConverter.cpp */ = {isa = PBXFileReference; fileEncoding = 4; lastKnownFileType = sourcecode.cpp.cpp; path = SYYuvConverter.cpp; sourceTree = "<group>"; };
/* End PBXFileReference section */

/* Begin PBXFrameworksBuildPhase section */
		1427FD98212F026D00DE74F9 /* Frameworks */ = {
			isa = PBXFrameworksBuildPhase;
			buildActionMask = 2147483647;
			files = (
			);
			runOnlyForDeploymentPostprocessing = 0;
		};
/* End PBXFrameworksBuildPhase section */

/* Begin PBXGroup section */
		140EEEBA21801BFF0027EFE3 /* SYMirror */ = {
			isa = PBXGroup;
			children = (
				140EEEBB21801BFF0027EFE3 /* SYMirror.cpp */,
				140EEEBC21801BFF0027EFE3 /* SYMirror.h */,
			);
			path = SYMirror;
			sourceTree = "<group>";
		};
		1427FD92212F026D00DE74F9 = {
			isa = PBXGroup;
			children = (
				1427FDA5212F03B800DE74F9 /* SYKit */,
				1427FD9D212F026D00DE74F9 /* SYKitExample */,
				1427FD9C212F026D00DE74F9 /* Products */,
			);
			sourceTree = "<group>";
		};
		1427FD9C212F026D00DE74F9 /* Products */ = {
			isa = PBXGroup;
			children = (
				1427FD9B212F026D00DE74F9 /* SYKitExample */,
			);
			name = Products;
			sourceTree = "<group>";
		};
		1427FD9D212F026D00DE74F9 /* SYKitExample */ = {
			isa = PBXGroup;
			children = (
				1427FD9E212F026D00DE74F9 /* main.cpp */,
			);
			path = SYKitExample;
			sourceTree = "<group>";
		};
		1427FDA5212F03B800DE74F9 /* SYKit */ = {
			isa = PBXGroup;
			children = (
				1427FDCB212F04B100DE74F9 /* SYHeader.h */,
				1427FDB9212F048000DE74F9 /* SYConverter */,
				1427FDA7212F03B800DE74F9 /* SYClipper */,
				140EEEBA21801BFF0027EFE3 /* SYMirror */,
				1452B1B2217F7A5300CAD6D3 /* SYRotate */,
			);
			name = SYKit;
			path = ../SYKit;
			sourceTree = "<group>";
		};
		1427FDA7212F03B800DE74F9 /* SYClipper */ = {
			isa = PBXGroup;
			children = (
				1427FDB7212F040D00DE74F9 /* SYClipper.h */,
				1427FDB6212F040D00DE74F9 /* SYClipper.cpp */,
			);
			path = SYClipper;
			sourceTree = "<group>";
		};
		1427FDB9212F048000DE74F9 /* SYConverter */ = {
			isa = PBXGroup;
			children = (
				1427FDC1212F048000DE74F9 /* SYRgbToBmp */,
				1427FDBB212F048000DE74F9 /* SYRgbToYuv */,
				14736C632181AEC9003298D1 /* SYYuvConverter */,
				1427FDBE212F048000DE74F9 /* SYYuvToBmp */,
				1427FDC4212F048000DE74F9 /* SYYuvToRgb */,
			);
			path = SYConverter;
			sourceTree = "<group>";
		};
		1427FDBB212F048000DE74F9 /* SYRgbToYuv */ = {
			isa = PBXGroup;
			children = (
				1427FDBC212F048000DE74F9 /* SYRgbToYuv.h */,
				1427FDBD212F048000DE74F9 /* SYRgbToYuv.cpp */,
			);
			path = SYRgbToYuv;
			sourceTree = "<group>";
		};
		1427FDBE212F048000DE74F9 /* SYYuvToBmp */ = {
			isa = PBXGroup;
			children = (
				1427FDC0212F048000DE74F9 /* SYYuvToBmp.h */,
				1427FDBF212F048000DE74F9 /* SYYuvToBmp.cpp */,
			);
			path = SYYuvToBmp;
			sourceTree = "<group>";
		};
		1427FDC1212F048000DE74F9 /* SYRgbToBmp */ = {
			isa = PBXGroup;
			children = (
				1427FDC3212F048000DE74F9 /* SYRgbToBmp.h */,
				1427FDC2212F048000DE74F9 /* SYRgbToBmp.cpp */,
			);
			path = SYRgbToBmp;
			sourceTree = "<group>";
		};
		1427FDC4212F048000DE74F9 /* SYYuvToRgb */ = {
			isa = PBXGroup;
			children = (
				1427FDC5212F048000DE74F9 /* SYYuvToRgb.h */,
				1427FDC6212F048000DE74F9 /* SYYuvToRgb.cpp */,
			);
			path = SYYuvToRgb;
			sourceTree = "<group>";
		};
		1452B1B2217F7A5300CAD6D3 /* SYRotate */ = {
			isa = PBXGroup;
			children = (
				1452B1B3217F7A5300CAD6D3 /* SYRotate.h */,
				1452B1B4217F7A5300CAD6D3 /* SYRotate.cpp */,
			);
			path = SYRotate;
			sourceTree = "<group>";
		};
		14736C632181AEC9003298D1 /* SYYuvConverter */ = {
			isa = PBXGroup;
			children = (
				14736C642181AEC9003298D1 /* SYYuvConverter.h */,
				14736C652181AEC9003298D1 /* SYYuvConverter.cpp */,
			);
			path = SYYuvConverter;
			sourceTree = "<group>";
		};
/* End PBXGroup section */

/* Begin PBXNativeTarget section */
		1427FD9A212F026D00DE74F9 /* SYKitExample */ = {
			isa = PBXNativeTarget;
			buildConfigurationList = 1427FDA2212F026D00DE74F9 /* Build configuration list for PBXNativeTarget "SYKitExample" */;
			buildPhases = (
				1427FD97212F026D00DE74F9 /* Sources */,
				1427FD98212F026D00DE74F9 /* Frameworks */,
				1427FD99212F026D00DE74F9 /* CopyFiles */,
			);
			buildRules = (
			);
			dependencies = (
			);
			name = SYKitExample;
			productName = SYKitExample;
			productReference = 1427FD9B212F026D00DE74F9 /* SYKitExample */;
			productType = "com.apple.product-type.tool";
		};
/* End PBXNativeTarget section */

/* Begin PBXProject section */
		1427FD93212F026D00DE74F9 /* Project object */ = {
			isa = PBXProject;
			attributes = {
				LastUpgradeCheck = 0940;
				ORGANIZATIONNAME = shenyuanluo;
				TargetAttributes = {
					1427FD9A212F026D00DE74F9 = {
						CreatedOnToolsVersion = 9.4.1;
					};
				};
			};
			buildConfigurationList = 1427FD96212F026D00DE74F9 /* Build configuration list for PBXProject "SYKitExample" */;
			compatibilityVersion = "Xcode 9.3";
			developmentRegion = en;
			hasScannedForEncodings = 0;
			knownRegions = (
				en,
			);
			mainGroup = 1427FD92212F026D00DE74F9;
			productRefGroup = 1427FD9C212F026D00DE74F9 /* Products */;
			projectDirPath = "";
			projectRoot = "";
			targets = (
				1427FD9A212F026D00DE74F9 /* SYKitExample */,
			);
		};
/* End PBXProject section */

/* Begin PBXSourcesBuildPhase section */
		1427FD97212F026D00DE74F9 /* Sources */ = {
			isa = PBXSourcesBuildPhase;
			buildActionMask = 2147483647;
			files = (
				14736C662181AEC9003298D1 /* SYYuvConverter.cpp in Sources */,
				1452B1B5217F7A5300CAD6D3 /* SYRotate.cpp in Sources */,
				1427FD9F212F026D00DE74F9 /* main.cpp in Sources */,
				1427FDB8212F040D00DE74F9 /* SYClipper.cpp in Sources */,
				1427FDC7212F048000DE74F9 /* SYRgbToYuv.cpp in Sources */,
				140EEEBD21801BFF0027EFE3 /* SYMirror.cpp in Sources */,
				1427FDC8212F048000DE74F9 /* SYYuvToBmp.cpp in Sources */,
				1427FDC9212F048000DE74F9 /* SYRgbToBmp.cpp in Sources */,
				1427FDCA212F048000DE74F9 /* SYYuvToRgb.cpp in Sources */,
			);
			runOnlyForDeploymentPostprocessing = 0;
		};
/* End PBXSourcesBuildPhase section */

/* Begin XCBuildConfiguration section */
		1427FDA0212F026D00DE74F9 /* Debug */ = {
			isa = XCBuildConfiguration;
			buildSettings = {
				ALWAYS_SEARCH_USER_PATHS = NO;
				CLANG_ANALYZER_NONNULL = YES;
				CLANG_ANALYZER_NUMBER_OBJECT_CONVERSION = YES_AGGRESSIVE;
				CLANG_CXX_LANGUAGE_STANDARD = "gnu++14";
				CLANG_CXX_LIBRARY = "libc++";
				CLANG_ENABLE_MODULES = YES;
				CLANG_ENABLE_OBJC_ARC = YES;
				CLANG_ENABLE_OBJC_WEAK = YES;
				CLANG_WARN_BLOCK_CAPTURE_AUTORELEASING = YES;
				CLANG_WARN_BOOL_CONVERSION = YES;
				CLANG_WARN_COMMA = YES;
				CLANG_WARN_CONSTANT_CONVERSION = YES;
				CLANG_WARN_DEPRECATED_OBJC_IMPLEMENTATIONS = YES;
				CLANG_WARN_DIRECT_OBJC_ISA_USAGE = YES_ERROR;
				CLANG_WARN_DOCUMENTATION_COMMENTS = YES;
				CLANG_WARN_EMPTY_BODY = YES;
				CLANG_WARN_ENUM_CONVERSION = YES;
				CLANG_WARN_INFINITE_RECURSION = YES;
				CLANG_WARN_INT_CONVERSION = YES;
				CLANG_WARN_NON_LITERAL_NULL_CONVERSION = YES;
				CLANG_WARN_OBJC_IMPLICIT_RETAIN_SELF = YES;
				CLANG_WARN_OBJC_LITERAL_CONVERSION = YES;
				CLANG_WARN_OBJC_ROOT_CLASS = YES_ERROR;
				CLANG_WARN_RANGE_LOOP_ANALYSIS = YES;
				CLANG_WARN_STRICT_PROTOTYPES = YES;
				CLANG_WARN_SUSPICIOUS_MOVE = YES;
				CLANG_WARN_UNGUARDED_AVAILABILITY = YES_AGGRESSIVE;
				CLANG_WARN_UNREACHABLE_CODE = YES;
				CLANG_WARN__DUPLICATE_METHOD_MATCH = YES;
				CODE_SIGN_IDENTITY = "-";
				COPY_PHASE_STRIP = NO;
				DEBUG_INFORMATION_FORMAT = dwarf;
				ENABLE_STRICT_OBJC_MSGSEND = YES;
				ENABLE_TESTABILITY = YES;
				GCC_C_LANGUAGE_STANDARD = gnu11;
				GCC_DYNAMIC_NO_PIC = NO;
				GCC_NO_COMMON_BLOCKS = YES;
				GCC_OPTIMIZATION_LEVEL = 0;
				GCC_PREPROCESSOR_DEFINITIONS = (
					"DEBUG=1",
					"$(inherited)",
				);
				GCC_WARN_64_TO_32_BIT_CONVERSION = YES;
				GCC_WARN_ABOUT_RETURN_TYPE = YES_ERROR;
				GCC_WARN_UNDECLARED_SELECTOR = YES;
				GCC_WARN_UNINITIALIZED_AUTOS = YES_AGGRESSIVE;
				GCC_WARN_UNUSED_FUNCTION = YES;
				GCC_WARN_UNUSED_VARIABLE = YES;
				MACOSX_DEPLOYMENT_TARGET = 10.13;
				MTL_ENABLE_DEBUG_INFO = YES;
				ONLY_ACTIVE_ARCH = YES;
				SDKROOT = macosx;
			};
			name = Debug;
		};
		1427FDA1212F026D00DE74F9 /* Release */ = {
			isa = XCBuildConfiguration;
			buildSettings = {
				ALWAYS_SEARCH_USER_PATHS = NO;
				CLANG_ANALYZER_NONNULL = YES;
				CLANG_ANALYZER_NUMBER_OBJECT_CONVERSION = YES_AGGRESSIVE;
				CLANG_CXX_LANGUAGE_STANDARD = "gnu++14";
				CLANG_CXX_LIBRARY = "libc++";
				CLANG_ENABLE_MODULES = YES;
				CLANG_ENABLE_OBJC_ARC = YES;
				CLANG_ENABLE_OBJC_WEAK = YES;
				CLANG_WARN_BLOCK_CAPTURE_AUTORELEASING = YES;
				CLANG_WARN_BOOL_CONVERSION = YES;
				CLANG_WARN_COMMA = YES;
				CLANG_WARN_CONSTANT_CONVERSION = YES;
				CLANG_WARN_DEPRECATED_OBJC_IMPLEMENTATIONS = YES;
				CLANG_WARN_DIRECT_OBJC_ISA_USAGE = YES_ERROR;
				CLANG_WARN_DOCUMENTATION_COMMENTS = YES;
				CLANG_WARN_EMPTY_BODY = YES;
				CLANG_WARN_ENUM_CONVERSION = YES;
				CLANG_WARN_INFINITE_RECURSION = YES;
				CLANG_WARN_INT_CONVERSION = YES;
				CLANG_WARN_NON_LITERAL_NULL_CONVERSION = YES;
				CLANG_WARN_OBJC_IMPLICIT_RETAIN_SELF = YES;
				CLANG_WARN_OBJC_LITERAL_CONVERSION = YES;
				CLANG_WARN_OBJC_ROOT_CLASS = YES_ERROR;
				CLANG_WARN_RANGE_LOOP_ANALYSIS = YES;
				CLANG_WARN_STRICT_PROTOTYPES = YES;
				CLANG_WARN_SUSPICIOUS_MOVE = YES;
				CLANG_WARN_UNGUARDED_AVAILABILITY = YES_AGGRESSIVE;
				CLANG_WARN_UNREACHABLE_CODE = YES;
				CLANG_WARN__DUPLICATE_METHOD_MATCH = YES;
				CODE_SIGN_IDENTITY = "-";
				COPY_PHASE_STRIP = NO;
				DEBUG_INFORMATION_FORMAT = "dwarf-with-dsym";
				ENABLE_NS_ASSERTIONS = NO;
				ENABLE_STRICT_OBJC_MSGSEND = YES;
				GCC_C_LANGUAGE_STANDARD = gnu11;
				GCC_NO_COMMON_BLOCKS = YES;
				GCC_WARN_64_TO_32_BIT_CONVERSION = YES;
				GCC_WARN_ABOUT_RETURN_TYPE = YES_ERROR;
				GCC_WARN_UNDECLARED_SELECTOR = YES;
				GCC_WARN_UNINITIALIZED_AUTOS = YES_AGGRESSIVE;
				GCC_WARN_UNUSED_FUNCTION = YES;
				GCC_WARN_UNUSED_VARIABLE = YES;
				MACOSX_DEPLOYMENT_TARGET = 10.13;
				MTL_ENABLE_DEBUG_INFO = NO;
				SDKROOT = macosx;
			};
			name = Release;
		};
		1427FDA3212F026D00DE74F9 /* Debug */ = {
			isa = XCBuildConfiguration;
			buildSettings = {
				CODE_SIGN_STYLE = Automatic;
				PRODUCT_NAME = "$(TARGET_NAME)";
			};
			name = Debug;
		};
		1427FDA4212F026D00DE74F9 /* Release */ = {
			isa = XCBuildConfiguration;
			buildSettings = {
				CODE_SIGN_STYLE = Automatic;
				PRODUCT_NAME = "$(TARGET_NAME)";
			};
			name = Release;
		};
/* End XCBuildConfiguration section */

/* Begin XCConfigurationList section */
		1427FD96212F026D00DE74F9 /* Build configuration list for PBXProject "SYKitExample" */ = {
			isa = XCConfigurationList;
			buildConfigurations = (
				1427FDA0212F026D00DE74F9 /* Debug */,
				1427FDA1212F026D00DE74F9 /* Release */,
			);
			defaultConfigurationIsVisible = 0;
			defaultConfigurationName = Release;
		};
		1427FDA2212F026D00DE74F9 /* Build configuration list for PBXNativeTarget "SYKitExample" */ = {
			isa = XCConfigurationList;
			buildConfigurations = (
				1427FDA3212F026D00DE74F9 /* Debug */,
				1427FDA4212F026D00DE74F9 /* Release */,
			);
			defaultConfigurationIsVisible = 0;
			defaultConfigurationName = Release;
		};
/* End XCConfigurationList section */
	};
	rootObject = 1427FD93212F026D00DE74F9 /* Project object */;
}
